
Microsoft Visual Studio Solution File, Format Version 12.00
# Visual Studio Version 16
VisualStudioVersion = 16.0.31321.278
MinimumVisualStudioVersion = 10.0.40219.1
Project("{FAE04EC0-301F-11D3-BF4B-00C04F79EFBC}") = "CCCGBreeze", "CCCGBreeze.csproj", "{86E4DD9B-7083-44BE-831B-0501151FB399}"
EndProject
Global
	GlobalSection(SolutionConfigurationPlatforms) = preSolution
		Debug|Any CPU = Debug|Any CPU
		Release|Any CPU = Release|Any CPU
	EndGlobalSection
	GlobalSection(ProjectConfigurationPlatforms) = postSolution
		{86E4DD9B-7083-44BE-831B-0501151FB399}.Debug|Any CPU.ActiveCfg = Debug|Any CPU
		{86E4DD9B-7083-44BE-831B-0501151FB399}.Debug|Any CPU.Build.0 = Debug|Any CPU
		{86E4DD9B-7083-44BE-831B-0501151FB399}.Release|Any CPU.ActiveCfg = Release|Any CPU
		{86E4DD9B-7083-44BE-831B-0501151FB399}.Release|Any CPU.Build.0 = Release|Any CPU
	EndGlobalSection
	GlobalSection(SolutionProperties) = preSolution
		HideSolutionNode = FALSE
	EndGlobalSection
	GlobalSection(ExtensibilityGlobals) = postSolution
		SolutionGuid = {F1F979C5-857C-4BC3-B904-0AAD9549D345}
	EndGlobalSection
EndGlobal
